schema: '2.0'
stages:
  stage01:
    cmd: python stage_01.py --config=config/config.yaml
    deps:
    - path: config/config.yaml
      md5: cffda43f7b9152ad2bcc3e64c558f578
      size: 248
    - path: src/util/all_utils.py
      md5: b4984cae112ff8fa870f056bcbbab9e8
      size: 407
    - path: stage_01.py
      md5: a390dac2d2c9c9034d8ff909f514d4c2
      size: 850
    outs:
    - path: artifacts/raw_local_dir/data.csv
      md5: 6a883fd98624e18c0b7ce251f4fab4fb
      size: 102551
  stage02:
    cmd: python src/stage02_splitData.py --params=params.yaml
    deps:
    - path: config/config.yaml
      md5: cffda43f7b9152ad2bcc3e64c558f578
      size: 248
    - path: params.yaml
      md5: ad31397d9eaace821de8057c38a69cd7
      size: 43
    - path: src/util/all_utils.py
      md5: b4984cae112ff8fa870f056bcbbab9e8
      size: 407
    - path: stage02_splitData.py
      md5: 9ef8d13f22b04695a4ed5434f565eda6
      size: 2044
    params:
      params.yaml:
        base.random_state: 43
        base.test_size: 0.3
    outs:
    - path: artifacts/split_data_dir/test.csv
      md5: eb099e5566e7453233edd4691240e499
      size: 31197
    - path: artifacts/split_data_dir/train.csv
      md5: 370f222be3056f65572f021826c14e56
      size: 71501
  stage03:
    cmd: python stage_03.py
    deps:
    - path: artifacts01.txt
      md5: 7e6214bb528dd69609564aa1392a7e53
      size: 8
    - path: stage_03.py
      md5: c2d70fdb09b9a827fef4abf64d00a443
      size: 173
    outs:
    - path: artifacts02.txt
      md5: 9493c6499e50baf24242945e44cae6cb
      size: 19
